
Microsoft Visual Studio Solution File, Format Version 12.00
# Visual Studio Version 17
VisualStudioVersion = 17.10.35013.160
MinimumVisualStudioVersion = 10.0.40219.1
Project("{FAE04EC0-301F-11D3-BF4B-00C04F79EFBC}") = "Exam", "Exam\Exam.csproj", "{56A277B4-C9D4-4CD5-9659-3F2AA2CAF2A9}"
EndProject
Global
	GlobalSection(SolutionConfigurationPlatforms) = preSolution
		Debug|Any CPU = Debug|Any CPU
		Release|Any CPU = Release|Any CPU
	EndGlobalSection
	GlobalSection(ProjectConfigurationPlatforms) = postSolution
		{56A277B4-C9D4-4CD5-9659-3F2AA2CAF2A9}.Debug|Any CPU.ActiveCfg = Debug|Any CPU
		{56A277B4-C9D4-4CD5-9659-3F2AA2CAF2A9}.Debug|Any CPU.Build.0 = Debug|Any CPU
		{56A277B4-C9D4-4CD5-9659-3F2AA2CAF2A9}.Release|Any CPU.ActiveCfg = Release|Any CPU
		{56A277B4-C9D4-4CD5-9659-3F2AA2CAF2A9}.Release|Any CPU.Build.0 = Release|Any CPU
	EndGlobalSection
	GlobalSection(SolutionProperties) = preSolution
		HideSolutionNode = FALSE
	EndGlobalSection
	GlobalSection(ExtensibilityGlobals) = postSolution
		SolutionGuid = {4B519692-497C-418C-B554-1B76C4047570}
	EndGlobalSection
EndGlobal
